{
  "name": "AB-Project-management",
  "lockfileVersion": 3,
  "requires": true,
  "packages": {
    "": {
      "dependencies": {
        "cypress-slow-down": "^1.3.1"
      }
    },
    "node_modules/cypress-plugin-config": {
      "version": "1.2.1",
      "resolved": "https://registry.npmjs.org/cypress-plugin-config/-/cypress-plugin-config-1.2.1.tgz",
      "integrity": "sha512-z+bQ7oyfDKun51HiCVNBOR+g38/nYRJ7zVdCZT2/9UozzE8P4iA1zF/yc85ePZLy5NOj/0atutoUPBBR5SqjSQ=="
    },
    "node_modules/cypress-slow-down": {
      "version": "1.3.1",
      "resolved": "https://registry.npmjs.org/cypress-slow-down/-/cypress-slow-down-1.3.1.tgz",
      "integrity": "sha512-ktlu38FuRn3lUNMGKXrrCLke/pCpRufnqC9Tk7z7u9OblyBZbrdTAHRIzn3IrYe+0ZFc781KHTbq02JxKdi9SQ==",
      "dependencies": {
        "cypress-plugin-config": "^1.0.0"
      }
    }
  }
}
